{
  "name": "geokogud2",
  "version": "1.0.0",
  "lockfileVersion": 1,
  "requires": true,
  "dependencies": {
    "@fancyapps/fancybox": {
      "version": "3.2.5",
      "resolved": "https://registry.npmjs.org/@fancyapps/fancybox/-/fancybox-3.2.5.tgz",
      "integrity": "sha512-1LHcYj96LnmNML4cZndQA+4vuQrtI1E4wi9vpP7B8Y60ieALIUMDZE0J4VMMMJ/xW0XFMpof8RTng3Qy3u3XkQ=="
    },
    "adler-32": {
      "version": "1.0.0",
      "resolved": "https://registry.npmjs.org/adler-32/-/adler-32-1.0.0.tgz",
      "integrity": "sha1-KHKKcXVvYpZm3RZTzYB5Op3xhlE=",
      "requires": {
        "concat-stream": "^1.6.0",
        "exit-on-epipe": "^1.0.1",
        "printj": "^1.1.2"
      },
      "dependencies": {
        "exit-on-epipe": {
          "version": "1.0.1",
          "resolved": "https://registry.npmjs.org/exit-on-epipe/-/exit-on-epipe-1.0.1.tgz",
          "integrity": "sha512-h2z5mrROTxce56S+pnvAV890uu7ls7f1kEvVGJbw1OlFH3/mlJ5bkXu0KRyW94v37zzHPiUd55iLn3DA7TjWpw=="
        }
      }
    },
    "almond": {
      "version": "0.3.3",
      "resolved": "https://registry.npmjs.org/almond/-/almond-0.3.3.tgz",
      "integrity": "sha1-oOfJWsdiTWQXtElLHmi/9pMWiiA="
    },
    "angular": {
      "version": "1.6.9",
      "resolved": "https://registry.npmjs.org/angular/-/angular-1.6.9.tgz",
      "integrity": "sha512-6igWH2GIsxV+J38wNWCh8oyjaZsrIPIDO35twloIUyjlF2Yit6UyLAWujHP05ma/LFxTsx4NtYibRoMNBXPR1A=="
    },
    "angular-animate": {
      "version": "1.6.9",
      "resolved": "https://registry.npmjs.org/angular-animate/-/angular-animate-1.6.9.tgz",
      "integrity": "sha512-3/fqrmT6mJgB2O6oDvXDlNP6AJVqUXLWZq/P87Xo7Wt0JjcSmhJSQ02Yp7gm0Pkd5SXMKHICLpn/iEJPyse9fg=="
    },
    "angular-cookies": {
      "version": "1.6.9",
      "resolved": "https://registry.npmjs.org/angular-cookies/-/angular-cookies-1.6.9.tgz",
      "integrity": "sha512-MlSQW48eADqQa7ntve+PjFKPDyoYfHaArJ+UHE8Ac/HVdFBmqkg7SzZDkl66/eJr4YpTmxN3QlAgTQraQCvnfQ=="
    },
    "angular-i18n": {
      "version": "1.6.9",
      "resolved": "https://registry.npmjs.org/angular-i18n/-/angular-i18n-1.6.9.tgz",
      "integrity": "sha512-pt7rcWBDWdwNTEc8sIRQI/FWmi1zZtthxG+Ag+iOWkyfypI5J1RKJwpnwjJBqFKPte4HvFZSsuIRfpWJ0hFGdA=="
    },
    "angular-loading-overlay": {
      "version": "1.1.1",
      "resolved": "https://registry.npmjs.org/angular-loading-overlay/-/angular-loading-overlay-1.1.1.tgz",
      "integrity": "sha1-lPE1azJ8LsecGznqpHOwHsgIzqY="
    },
    "angular-material": {
      "version": "1.1.8",
      "resolved": "https://registry.npmjs.org/angular-material/-/angular-material-1.1.8.tgz",
      "integrity": "sha512-VNRKB3G65zb1ZNWThb5wyKCuYvjwW9O8O3RZQ4cnDXHxa6YdjnZvkEQnpsiuIvQyqP18itmM+NJZPOPGXxAIaQ=="
    },
    "angular-sanitize": {
      "version": "1.6.9",
      "resolved": "https://registry.npmjs.org/angular-sanitize/-/angular-sanitize-1.6.9.tgz",
      "integrity": "sha512-zWGQHWvmftkPTR0s6RCF9gx/pezR1V0swcVrkimMyBW3eK3ly7inG5BDDSt2oGExhWufV2VfnIv01T+tBUckNg=="
    },
    "angular-translate": {
      "version": "2.17.0",
      "resolved": "https://registry.npmjs.org/angular-translate/-/angular-translate-2.17.0.tgz",
      "integrity": "sha512-SudfI0R0Hhtvngc0X3wFChXQGmw90o95i+QPZ11LhJJryneTq8LR3+3E4E7jgHA4fu6TcswgcfZ9+cp5ckbUHw==",
      "requires": {
        "angular": ">=1.2.26 <=1.6"
      }
    },
    "angular-translate-loader-static-files": {
      "version": "2.17.0",
      "resolved": "https://registry.npmjs.org/angular-translate-loader-static-files/-/angular-translate-loader-static-files-2.17.0.tgz",
      "integrity": "sha512-5mZ8pYlqNeV+8FW01r4DzV3/t930MrgLXSTRKfCzPLjbUQSpcSKwMhjc6QbaHHminevD4FyO2ZyilGCsw3yiKA==",
      "requires": {
        "angular-translate": "~2.17.0"
      }
    },
    "angular-translate-storage-cookie": {
      "version": "2.17.0",
      "resolved": "https://registry.npmjs.org/angular-translate-storage-cookie/-/angular-translate-storage-cookie-2.17.0.tgz",
      "integrity": "sha512-H2LR07Xf4Fg9JlDV2X3/hnIki1oUOOfCHmrXTk9ogodRgaFpZRqCRZ3RtMbAo/3Ebcd31QN6NzKbPG/g+EKBpA==",
      "requires": {
        "angular-cookies": ">=1.2.26 <1.7",
        "angular-translate": "~2.17.0"
      }
    },
    "angular-translate-storage-local": {
      "version": "2.17.0",
      "resolved": "https://registry.npmjs.org/angular-translate-storage-local/-/angular-translate-storage-local-2.17.0.tgz",
      "integrity": "sha512-qP3jGOeTCNhbpW/Wo2/xJpKageAUBeyhiK9/4DILfCKV9JuhcmNzP8Bjs6OyhQwE4DVX27anZ3D9afAzWoB6XA==",
      "requires": {
        "angular-translate": "~2.17.0",
        "angular-translate-storage-cookie": "~2.17.0"
      }
    },
    "angular-ui-router": {
      "version": "0.4.2",
      "resolved": "https://registry.npmjs.org/angular-ui-router/-/angular-ui-router-0.4.2.tgz",
      "integrity": "sha1-tq7Rymmmg8guOZKJjqvUuhWGhgg=",
      "requires": {
        "angular": "^1.0.8"
      }
    },
    "blobjs": {
      "version": "1.1.1",
      "resolved": "https://registry.npmjs.org/blobjs/-/blobjs-1.1.1.tgz",
      "integrity": "sha1-VEr224h7HGL0XqjgfOtFwTtZlao="
    },
    "bootstrap": {
      "version": "3.4.1",
      "resolved": "https://registry.npmjs.org/bootstrap/-/bootstrap-3.4.1.tgz",
      "integrity": "sha512-yN5oZVmRCwe5aKwzRj6736nSmKDX7pLYwsXiCj/EYmo16hODaBiT4En5btW/jhBF/seV+XMx3aYwukYC3A49DA=="
    },
    "cfb": {
      "version": "0.11.1",
      "resolved": "https://registry.npmjs.org/cfb/-/cfb-0.11.1.tgz",
      "integrity": "sha1-qW248nKmw/uZ27sj70EiP0i+Hqc=",
      "requires": {
        "commander": "^2.14.1"
      },
      "dependencies": {
        "commander": {
          "version": "2.14.1",
          "resolved": "https://registry.npmjs.org/commander/-/commander-2.14.1.tgz",
          "integrity": "sha512-+YR16o3rK53SmWHU3rEM3tPAh2rwb1yPcQX5irVn7mb0gXbwuCCrnkbV5+PBfETdfg1vui07nM6PCG1zndcjQw=="
        }
      }
    },
    "codepage": {
      "version": "1.8.1",
      "resolved": "https://registry.npmjs.org/codepage/-/codepage-1.8.1.tgz",
      "integrity": "sha1-8aAJ1SYdwnVGKLrLb7vw5uKr/6o=",
      "requires": {
        "commander": "^2.14.1",
        "concat-stream": "^1.6.0",
        "exit-on-epipe": "^1.0.1",
        "voc": "^1.1.0"
      },
      "dependencies": {
        "commander": {
          "version": "2.14.1",
          "resolved": "https://registry.npmjs.org/commander/-/commander-2.14.1.tgz",
          "integrity": "sha512-+YR16o3rK53SmWHU3rEM3tPAh2rwb1yPcQX5irVn7mb0gXbwuCCrnkbV5+PBfETdfg1vui07nM6PCG1zndcjQw=="
        },
        "exit-on-epipe": {
          "version": "1.0.1",
          "resolved": "https://registry.npmjs.org/exit-on-epipe/-/exit-on-epipe-1.0.1.tgz",
          "integrity": "sha512-h2z5mrROTxce56S+pnvAV890uu7ls7f1kEvVGJbw1OlFH3/mlJ5bkXu0KRyW94v37zzHPiUd55iLn3DA7TjWpw=="
        }
      }
    },
    "colors": {
      "version": "0.6.2",
      "resolved": "https://registry.npmjs.org/colors/-/colors-0.6.2.tgz",
      "integrity": "sha1-JCP+ZnisDF2uiFLl0OW+CMmXq8w="
    },
    "commander": {
      "version": "2.9.0",
      "resolved": "https://registry.npmjs.org/commander/-/commander-2.9.0.tgz",
      "integrity": "sha1-nJkJQXbhIkDLItbFFGCYQA/g99Q=",
      "requires": {
        "graceful-readlink": ">= 1.0.0"
      }
    },
    "components-font-awesome": {
      "version": "4.7.0",
      "resolved": "https://registry.npmjs.org/components-font-awesome/-/components-font-awesome-4.7.0.tgz",
      "integrity": "sha1-p1UAlLbiy1zX3OScQFdxxTPpz+E="
    },
    "concat-stream": {
      "version": "1.6.0",
      "resolved": "https://registry.npmjs.org/concat-stream/-/concat-stream-1.6.0.tgz",
      "integrity": "sha1-CqxmL9Ur54lk1VMvaUeE5wEQrPc=",
      "requires": {
        "inherits": "^2.0.3",
        "readable-stream": "^2.2.2",
        "typedarray": "^0.0.6"
      }
    },
    "core-util-is": {
      "version": "1.0.2",
      "resolved": "https://registry.npmjs.org/core-util-is/-/core-util-is-1.0.2.tgz",
      "integrity": "sha1-tf1UIgqivFq1eqtxQMlAdUUDwac="
    },
    "crc-32": {
      "version": "1.0.2",
      "resolved": "https://registry.npmjs.org/crc-32/-/crc-32-1.0.2.tgz",
      "integrity": "sha1-CVB5hO6bzOO9G4hh8N6KsQroGH0=",
      "requires": {
        "exit-on-epipe": "^1.0.1",
        "printj": "^1.1.2"
      },
      "dependencies": {
        "exit-on-epipe": {
          "version": "1.0.1",
          "resolved": "https://registry.npmjs.org/exit-on-epipe/-/exit-on-epipe-1.0.1.tgz",
          "integrity": "sha512-h2z5mrROTxce56S+pnvAV890uu7ls7f1kEvVGJbw1OlFH3/mlJ5bkXu0KRyW94v37zzHPiUd55iLn3DA7TjWpw=="
        }
      }
    },
    "exit-on-epipe": {
      "version": "1.0.1",
      "resolved": "https://registry.npmjs.org/exit-on-epipe/-/exit-on-epipe-1.0.1.tgz",
      "integrity": "sha512-h2z5mrROTxce56S+pnvAV890uu7ls7f1kEvVGJbw1OlFH3/mlJ5bkXu0KRyW94v37zzHPiUd55iLn3DA7TjWpw=="
    },
    "file-saver": {
      "version": "1.3.3",
      "resolved": "https://registry.npmjs.org/file-saver/-/file-saver-1.3.3.tgz",
      "integrity": "sha1-zdTETTqiZOrC9o7BZbx5HDSvEjI="
    },
    "file-saverjs": {
      "version": "1.3.6",
      "resolved": "https://registry.npmjs.org/file-saverjs/-/file-saverjs-1.3.6.tgz",
      "integrity": "sha1-t6RU4Sb1bPcfy3AVm4NWFCZU544="
    },
    "frac": {
      "version": "1.0.6",
      "resolved": "https://registry.npmjs.org/frac/-/frac-1.0.6.tgz",
      "integrity": "sha1-mg38I5VoUqizIGI7688b6eoEgik=",
      "requires": {
        "voc": "^1.1.0"
      }
    },
    "graceful-readlink": {
      "version": "1.0.1",
      "resolved": "https://registry.npmjs.org/graceful-readlink/-/graceful-readlink-1.0.1.tgz",
      "integrity": "sha1-TK+tdrxi8C+gObL5Tpo906ORpyU="
    },
    "ieee754": {
      "version": "1.1.8",
      "resolved": "https://registry.npmjs.org/ieee754/-/ieee754-1.1.8.tgz",
      "integrity": "sha1-vjPUCsEO8ZJnAfbwii2G+/0a0+Q="
    },
    "inherits": {
      "version": "2.0.3",
      "resolved": "https://registry.npmjs.org/inherits/-/inherits-2.0.3.tgz",
      "integrity": "sha1-Yzwsg+PaQqUC9SRmAiSA9CCCYd4="
    },
    "isarray": {
      "version": "1.0.0",
      "resolved": "https://registry.npmjs.org/isarray/-/isarray-1.0.0.tgz",
      "integrity": "sha1-u5NdSFgsuhaMBoNJV6VKPgcSTxE="
    },
    "jquery": {
      "version": "3.3.1",
      "resolved": "https://registry.npmjs.org/jquery/-/jquery-3.3.1.tgz",
      "integrity": "sha512-Ubldcmxp5np52/ENotGxlLe6aGMvmF4R8S6tZjsP6Knsaxd/xp3Zrh50cG93lR6nPXyUFwzN3ZSOQI0wRJNdGg=="
    },
    "jquery-mousewheel": {
      "version": "3.1.13",
      "resolved": "https://registry.npmjs.org/jquery-mousewheel/-/jquery-mousewheel-3.1.13.tgz",
      "integrity": "sha1-BvAzXxbjU6aV5yBr9QUDy1I6buU="
    },
    "jquery.easing": {
      "version": "1.4.1",
      "resolved": "https://registry.npmjs.org/jquery.easing/-/jquery.easing-1.4.1.tgz",
      "integrity": "sha1-R5gsWDa9dY/UhJSSPEoQHvbpPjs="
    },
    "moment": {
      "version": "2.20.1",
      "resolved": "https://registry.npmjs.org/moment/-/moment-2.20.1.tgz",
      "integrity": "sha512-Yh9y73JRljxW5QxN08Fner68eFLxM5ynNOAw2LbIB1YAGeQzZT8QFSUvkAz609Zf+IHhhaUxqZK8dG3W/+HEvg=="
    },
    "ng-file-upload": {
      "version": "12.2.13",
      "resolved": "https://registry.npmjs.org/ng-file-upload/-/ng-file-upload-12.2.13.tgz",
      "integrity": "sha1-AYAPOHLlJvlTEPhHfpnk8S0NjRQ="
    },
    "ng-page-title": {
      "version": "1.3.1",
      "resolved": "https://registry.npmjs.org/ng-page-title/-/ng-page-title-1.3.1.tgz",
      "integrity": "sha1-xEp3awbvwbhUNn2l/9lVLFJmphA="
    },
    "ngstorage": {
      "version": "0.3.11",
      "resolved": "https://registry.npmjs.org/ngstorage/-/ngstorage-0.3.11.tgz",
      "integrity": "sha1-FjfEW4ctkJ2cx+GLN0iY1QsuhE8="
    },
    "ol": {
      "version": "4.6.4",
      "resolved": "https://registry.npmjs.org/ol/-/ol-4.6.4.tgz",
      "integrity": "sha512-9Eo0auMLU7dyCbMFfNKbyVqWH0JrfyLGrP9/jywisdGX/cqjFKtgiENFGr8wZAUzkVDNWdnKcrrIZsLMbnd68Q==",
      "requires": {
        "pbf": "3.1.0",
        "pixelworks": "1.1.0",
        "rbush": "2.0.1"
      }
    },
    "ol-layerswitcher": {
      "version": "2.0.0",
      "resolved": "https://registry.npmjs.org/ol-layerswitcher/-/ol-layerswitcher-2.0.0.tgz",
      "integrity": "sha512-Gf1o+iZMR15aOTUUz5HKOgNtNRKR+VXm6JYzfe6VvF7QWVa5WTcsU2qdtcRHBOwOsMyxggZAFzUxre6g9Dg35Q=="
    },
    "pbf": {
      "version": "3.1.0",
      "resolved": "https://registry.npmjs.org/pbf/-/pbf-3.1.0.tgz",
      "integrity": "sha512-/hYJmIsTmh7fMkHAWWXJ5b8IKLWdjdlAFb3IHkRBn1XUhIYBChVGfVwmHEAV3UfXTxsP/AKfYTXTS/dCPxJd5w==",
      "requires": {
        "ieee754": "^1.1.6",
        "resolve-protobuf-schema": "^2.0.0"
      }
    },
    "pixelworks": {
      "version": "1.1.0",
      "resolved": "https://registry.npmjs.org/pixelworks/-/pixelworks-1.1.0.tgz",
      "integrity": "sha1-Hwla1I3Ki/ihyCWOAJIDGkTyLKU="
    },
    "printj": {
      "version": "1.1.2",
      "resolved": "https://registry.npmjs.org/printj/-/printj-1.1.2.tgz",
      "integrity": "sha512-zA2SmoLaxZyArQTOPj5LXecR+RagfPSU5Kw1qP+jkWeNlrq+eJZyY2oS68SU1Z/7/myXM4lo9716laOFAVStCQ=="
    },
    "process-nextick-args": {
      "version": "2.0.0",
      "resolved": "https://registry.npmjs.org/process-nextick-args/-/process-nextick-args-2.0.0.tgz",
      "integrity": "sha512-MtEC1TqN0EU5nephaJ4rAtThHtC86dNN9qCuEhtshvpVBkAW5ZO7BASN9REnF9eoXGcRub+pFuKEpOHE+HbEMw=="
    },
    "protocol-buffers-schema": {
      "version": "2.2.0",
      "resolved": "https://registry.npmjs.org/protocol-buffers-schema/-/protocol-buffers-schema-2.2.0.tgz",
      "integrity": "sha1-0pxs1z+2VZePtpiWkRgNuEQRn2E="
    },
    "quickselect": {
      "version": "1.0.1",
      "resolved": "https://registry.npmjs.org/quickselect/-/quickselect-1.0.1.tgz",
      "integrity": "sha512-Jt30UQSzTbxf6L2bFTMabHtGtYUzQcvOY0a+s5brm8tzndV/XWifBIH9v5QKtH5gGCZ5RRDwRhdhGMDVHAEGNQ=="
    },
    "rbush": {
      "version": "2.0.1",
      "resolved": "https://registry.npmjs.org/rbush/-/rbush-2.0.1.tgz",
      "integrity": "sha1-TPrKKMMGS8DudUMaG3mZDode76k=",
      "requires": {
        "quickselect": "^1.0.0"
      }
    },
    "readable-stream": {
      "version": "2.3.4",
      "resolved": "https://registry.npmjs.org/readable-stream/-/readable-stream-2.3.4.tgz",
      "integrity": "sha512-vuYxeWYM+fde14+rajzqgeohAI7YoJcHE7kXDAc4Nk0EbuKnJfqtY9YtRkLo/tqkuF7MsBQRhPnPeyjYITp3ZQ==",
      "requires": {
        "core-util-is": "~1.0.0",
        "inherits": "~2.0.3",
        "isarray": "~1.0.0",
        "process-nextick-args": "~2.0.0",
        "safe-buffer": "~5.1.1",
        "string_decoder": "~1.0.3",
        "util-deprecate": "~1.0.1"
      }
    },
    "resolve-protobuf-schema": {
      "version": "2.0.0",
      "resolved": "https://registry.npmjs.org/resolve-protobuf-schema/-/resolve-protobuf-schema-2.0.0.tgz",
      "integrity": "sha1-5nsGKmfwLRG9aIbnDv2niEB+D7Q=",
      "requires": {
        "protocol-buffers-schema": "^2.0.2"
      }
    },
    "safe-buffer": {
      "version": "5.1.1",
      "resolved": "https://registry.npmjs.org/safe-buffer/-/safe-buffer-5.1.1.tgz",
      "integrity": "sha512-kKvNJn6Mm93gAczWVJg7wH+wGYWNrDHdWvpUmHyEsgCtIwwo3bqPtV4tR5tuPaUhTOo/kvhVwd8XwwOllGYkbg=="
    },
    "scrollreveal": {
      "version": "3.3.6",
      "resolved": "https://registry.npmjs.org/scrollreveal/-/scrollreveal-3.3.6.tgz",
      "integrity": "sha512-5HiAtVqwffX18w/kqXkD+S54A0MoE4xLAwQcszEYGuy+EsRUoHsw1BhFpxGCcbTXIy5HMtj/qmLDbpQ+J3llig=="
    },
    "select2": {
      "version": "4.0.5",
      "resolved": "https://registry.npmjs.org/select2/-/select2-4.0.5.tgz",
      "integrity": "sha1-eqxQaSVhmFs007guxV4ib4lg1Ao=",
      "requires": {
        "almond": "~0.3.1",
        "jquery-mousewheel": "~3.1.13"
      }
    },
    "ssf": {
      "version": "0.9.4",
      "resolved": "https://registry.npmjs.org/ssf/-/ssf-0.9.4.tgz",
      "integrity": "sha1-jlepjBnbvx7dU/D4yef9UksPbJw=",
      "requires": {
        "colors": "0.6.2",
        "frac": "~1.0.6",
        "voc": "^1.1.0"
      }
    },
    "string_decoder": {
      "version": "1.0.3",
      "resolved": "https://registry.npmjs.org/string_decoder/-/string_decoder-1.0.3.tgz",
      "integrity": "sha512-4AH6Z5fzNNBcH+6XDMfA/BTt87skxqJlO0lAh3Dker5zThcAxG6mKz+iGu308UKoPPQ8Dcqx/4JhujzltRa+hQ==",
      "requires": {
        "safe-buffer": "~5.1.0"
      }
    },
    "tableexport": {
      "version": "5.0.0",
      "resolved": "https://registry.npmjs.org/tableexport/-/tableexport-5.0.0.tgz",
      "integrity": "sha1-RqDl9sfc+U3jzwYgvt8fpxJ6Jeg=",
      "requires": {
        "blobjs": "^1.1.1",
        "file-saverjs": "^1.3.6",
        "xlsx": "^0.9.13"
      }
    },
    "typedarray": {
      "version": "0.0.6",
      "resolved": "https://registry.npmjs.org/typedarray/-/typedarray-0.0.6.tgz",
      "integrity": "sha1-hnrHTjhkGHsdPUfZlqeOxciDB3c="
    },
    "util-deprecate": {
      "version": "1.0.2",
      "resolved": "https://registry.npmjs.org/util-deprecate/-/util-deprecate-1.0.2.tgz",
      "integrity": "sha1-RQ1Nyfpw3nMnYvvS1KKJgUGaDM8="
    },
    "voc": {
      "version": "1.1.0",
      "resolved": "https://registry.npmjs.org/voc/-/voc-1.1.0.tgz",
      "integrity": "sha512-fthgd8OJLqq8vPcLjElTk6Rcl2e3v5ekcXauImaqEnQqd5yUWKg1+ZOBgS2KTWuVKcuvZMQq4TDptiT1uYddUA=="
    },
    "xlsx": {
      "version": "0.9.13",
      "resolved": "https://registry.npmjs.org/xlsx/-/xlsx-0.9.13.tgz",
      "integrity": "sha1-WGHRHhCh+ZtvK0keLRGad3fQZuc=",
      "requires": {
        "adler-32": "~1.0.0",
        "cfb": "~0.11.1",
        "codepage": "~1.8.0",
        "commander": "~2.9.0",
        "crc-32": "~1.0.2",
        "exit-on-epipe": "~1.0.0",
        "ssf": "~0.9.1"
      }
    }
  }
}
